
Microsoft Visual Studio Solution File, Format Version 12.00
# Visual Studio Version 16
VisualStudioVersion = 16.0.29613.14
MinimumVisualStudioVersion = 10.0.40219.1
Project("{FAE04EC0-301F-11D3-BF4B-00C04F79EFBC}") = "ESP32-SocketTest", "ESP32-SocketTest\ESP32-SocketTest.csproj", "{D204DC6E-167D-46EF-8DDA-8BFE71B2329E}"
EndProject
Global
	GlobalSection(SolutionConfigurationPlatforms) = preSolution
		Debug|Any CPU = Debug|Any CPU
		Release|Any CPU = Release|Any CPU
	EndGlobalSection
	GlobalSection(ProjectConfigurationPlatforms) = postSolution
		{D204DC6E-167D-46EF-8DDA-8BFE71B2329E}.Debug|Any CPU.ActiveCfg = Debug|Any CPU
		{D204DC6E-167D-46EF-8DDA-8BFE71B2329E}.Debug|Any CPU.Build.0 = Debug|Any CPU
		{D204DC6E-167D-46EF-8DDA-8BFE71B2329E}.Release|Any CPU.ActiveCfg = Release|Any CPU
		{D204DC6E-167D-46EF-8DDA-8BFE71B2329E}.Release|Any CPU.Build.0 = Release|Any CPU
	EndGlobalSection
	GlobalSection(SolutionProperties) = preSolution
		HideSolutionNode = FALSE
	EndGlobalSection
	GlobalSection(ExtensibilityGlobals) = postSolution
		SolutionGuid = {06C379B5-3DB1-4F3F-B42B-F7D7F329C0FA}
	EndGlobalSection
EndGlobal
